// !$*UTF8*$!
{
	archiveVersion = 1;
	classes = {
	};
	objectVersion = 46;
	objects = {

/* Begin PBXBuildFile section */
		5B1155751C8657370094EF0E /* MessageView.swift in Sources */ = {isa = PBXBuildFile; fileRef = 5B1155741C8657370094EF0E /* MessageView.swift */; };
		5B1155771C86594D0094EF0E /* Data.swift in Sources */ = {isa = PBXBuildFile; fileRef = 5B1155761C86594D0094EF0E /* Data.swift */; };
		5B1155791C8695AF0094EF0E /* ContactPickerView.swift in Sources */ = {isa = PBXBuildFile; fileRef = 5B1155781C8695AF0094EF0E /* ContactPickerView.swift */; };
		5B2CC7701C63AB2B00CAFB2F /* ConversationCell.swift in Sources */ = {isa = PBXBuildFile; fileRef = 5B2CC76F1C63AB2B00CAFB2F /* ConversationCell.swift */; };
		5B2CC7721C63AD7E00CAFB2F /* ConversationsView.swift in Sources */ = {isa = PBXBuildFile; fileRef = 5B2CC7711C63AD7E00CAFB2F /* ConversationsView.swift */; };
		5B399E5D1C80E67100370724 /* ContactsView.swift in Sources */ = {isa = PBXBuildFile; fileRef = 5B399E5C1C80E67100370724 /* ContactsView.swift */; };
		5B399E601C80E6F700370724 /* ContactCell.swift in Sources */ = {isa = PBXBuildFile; fileRef = 5B399E5F1C80E6F700370724 /* ContactCell.swift */; };
		5B50A0D11C51758400D5FE31 /* AppDelegate.swift in Sources */ = {isa = PBXBuildFile; fileRef = 5B50A0D01C51758400D5FE31 /* AppDelegate.swift */; };
		5B50A0D31C51758400D5FE31 /* LoginView.swift in Sources */ = {isa = PBXBuildFile; fileRef = 5B50A0D21C51758400D5FE31 /* LoginView.swift */; };
		5B50A0D61C51758400D5FE31 /* Main.storyboard in Resources */ = {isa = PBXBuildFile; fileRef = 5B50A0D41C51758400D5FE31 /* Main.storyboard */; };
		5B50A0D81C51758400D5FE31 /* Assets.xcassets in Resources */ = {isa = PBXBuildFile; fileRef = 5B50A0D71C51758400D5FE31 /* Assets.xcassets */; };
		5B50A0DB1C51758400D5FE31 /* LaunchScreen.storyboard in Resources */ = {isa = PBXBuildFile; fileRef = 5B50A0D91C51758400D5FE31 /* LaunchScreen.storyboard */; };
		5B50A1031C5342DA00D5FE31 /* SignupView.swift in Sources */ = {isa = PBXBuildFile; fileRef = 5B50A1021C5342DA00D5FE31 /* SignupView.swift */; };
		5B50A1051C534BC000D5FE31 /* WeGroup icon.png in Resources */ = {isa = PBXBuildFile; fileRef = 5B50A1041C534BC000D5FE31 /* WeGroup icon.png */; };
		5B54A40B1C98E94C007B28C2 /* ProfileView.swift in Sources */ = {isa = PBXBuildFile; fileRef = 5B54A40A1C98E94C007B28C2 /* ProfileView.swift */; };
		5B7C94401C96351F00E8207A /* Contact.swift in Sources */ = {isa = PBXBuildFile; fileRef = 5B7C943C1C96351F00E8207A /* Contact.swift */; };
		5B7C94431C96354800E8207A /* Message.swift in Sources */ = {isa = PBXBuildFile; fileRef = 5B7C94411C96354800E8207A /* Message.swift */; };
		5B7C94441C96354800E8207A /* Conversation.swift in Sources */ = {isa = PBXBuildFile; fileRef = 5B7C94421C96354800E8207A /* Conversation.swift */; };
		5BBB5C041C8959A30084D4D8 /* MessageCell.swift in Sources */ = {isa = PBXBuildFile; fileRef = 5BBB5C031C8959A30084D4D8 /* MessageCell.swift */; };
		5BBB5C461C8B6A840084D4D8 /* CoreDataModel.xcdatamodeld in Sources */ = {isa = PBXBuildFile; fileRef = 5BBB5C441C8B6A840084D4D8 /* CoreDataModel.xcdatamodeld */; };
		9A11867DB26B846F143DAD19 /* Pods_WeGroup.framework in Frameworks */ = {isa = PBXBuildFile; fileRef = 83471C6054F155624D6F22D2 /* Pods_WeGroup.framework */; };
		BBDDFD991C6E708D0083044A /* SettingsView.swift in Sources */ = {isa = PBXBuildFile; fileRef = BBDDFD981C6E708D0083044A /* SettingsView.swift */; };
/* End PBXBuildFile section */

/* Begin PBXFileReference section */
		190A1AF00C7AAFF27D58168C /* Pods-WeGroup.debug.xcconfig */ = {isa = PBXFileReference; includeInIndex = 1; lastKnownFileType = text.xcconfig; name = "Pods-WeGroup.debug.xcconfig"; path = "Pods/Target Support Files/Pods-WeGroup/Pods-WeGroup.debug.xcconfig"; sourceTree = "<group>"; };
		301B905B2F882A3FBEC49E52 /* Pods-WeGroup.release.xcconfig */ = {isa = PBXFileReference; includeInIndex = 1; lastKnownFileType = text.xcconfig; name = "Pods-WeGroup.release.xcconfig"; path = "Pods/Target Support Files/Pods-WeGroup/Pods-WeGroup.release.xcconfig"; sourceTree = "<group>"; };
		5B1155741C8657370094EF0E /* MessageView.swift */ = {isa = PBXFileReference; fileEncoding = 4; lastKnownFileType = sourcecode.swift; path = MessageView.swift; sourceTree = "<group>"; };
		5B1155761C86594D0094EF0E /* Data.swift */ = {isa = PBXFileReference; fileEncoding = 4; lastKnownFileType = sourcecode.swift; path = Data.swift; sourceTree = "<group>"; };
		5B1155781C8695AF0094EF0E /* ContactPickerView.swift */ = {isa = PBXFileReference; fileEncoding = 4; lastKnownFileType = sourcecode.swift; path = ContactPickerView.swift; sourceTree = "<group>"; };
		5B2CC76F1C63AB2B00CAFB2F /* ConversationCell.swift */ = {isa = PBXFileReference; fileEncoding = 4; lastKnownFileType = sourcecode.swift; path = ConversationCell.swift; sourceTree = "<group>"; };
		5B2CC7711C63AD7E00CAFB2F /* ConversationsView.swift */ = {isa = PBXFileReference; fileEncoding = 4; lastKnownFileType = sourcecode.swift; path = ConversationsView.swift; sourceTree = "<group>"; };
		5B399E5C1C80E67100370724 /* ContactsView.swift */ = {isa = PBXFileReference; fileEncoding = 4; lastKnownFileType = sourcecode.swift; path = ContactsView.swift; sourceTree = "<group>"; };
		5B399E5F1C80E6F700370724 /* ContactCell.swift */ = {isa = PBXFileReference; fileEncoding = 4; lastKnownFileType = sourcecode.swift; path = ContactCell.swift; sourceTree = "<group>"; };
		5B50A0CD1C51758400D5FE31 /* WeGroup.app */ = {isa = PBXFileReference; explicitFileType = wrapper.application; includeInIndex = 0; path = WeGroup.app; sourceTree = BUILT_PRODUCTS_DIR; };
		5B50A0D01C51758400D5FE31 /* AppDelegate.swift */ = {isa = PBXFileReference; lastKnownFileType = sourcecode.swift; path = AppDelegate.swift; sourceTree = "<group>"; };
		5B50A0D21C51758400D5FE31 /* LoginView.swift */ = {isa = PBXFileReference; lastKnownFileType = sourcecode.swift; path = LoginView.swift; sourceTree = "<group>"; };
		5B50A0D51C51758400D5FE31 /* Base */ = {isa = PBXFileReference; lastKnownFileType = file.storyboard; name = Base; path = Base.lproj/Main.storyboard; sourceTree = "<group>"; };
		5B50A0D71C51758400D5FE31 /* Assets.xcassets */ = {isa = PBXFileReference; lastKnownFileType = folder.assetcatalog; path = Assets.xcassets; sourceTree = "<group>"; };
		5B50A0DA1C51758400D5FE31 /* Base */ = {isa = PBXFileReference; lastKnownFileType = file.storyboard; name = Base; path = Base.lproj/LaunchScreen.storyboard; sourceTree = "<group>"; };
		5B50A0DC1C51758400D5FE31 /* Info.plist */ = {isa = PBXFileReference; lastKnownFileType = text.plist.xml; path = Info.plist; sourceTree = "<group>"; };
		5B50A1021C5342DA00D5FE31 /* SignupView.swift */ = {isa = PBXFileReference; fileEncoding = 4; lastKnownFileType = sourcecode.swift; path = SignupView.swift; sourceTree = "<group>"; };
		5B50A1041C534BC000D5FE31 /* WeGroup icon.png */ = {isa = PBXFileReference; lastKnownFileType = image.png; path = "WeGroup icon.png"; sourceTree = "<group>"; };
		5B54A40A1C98E94C007B28C2 /* ProfileView.swift */ = {isa = PBXFileReference; fileEncoding = 4; lastKnownFileType = sourcecode.swift; path = ProfileView.swift; sourceTree = "<group>"; };
		5B7C943C1C96351F00E8207A /* Contact.swift */ = {isa = PBXFileReference; fileEncoding = 4; lastKnownFileType = sourcecode.swift; path = Contact.swift; sourceTree = "<group>"; };
		5B7C94411C96354800E8207A /* Message.swift */ = {isa = PBXFileReference; fileEncoding = 4; lastKnownFileType = sourcecode.swift; path = Message.swift; sourceTree = "<group>"; };
		5B7C94421C96354800E8207A /* Conversation.swift */ = {isa = PBXFileReference; fileEncoding = 4; lastKnownFileType = sourcecode.swift; path = Conversation.swift; sourceTree = "<group>"; };
		5BBB5C031C8959A30084D4D8 /* MessageCell.swift */ = {isa = PBXFileReference; fileEncoding = 4; lastKnownFileType = sourcecode.swift; path = MessageCell.swift; sourceTree = "<group>"; };
		5BBB5C451C8B6A840084D4D8 /* CoreDataModel.xcdatamodel */ = {isa = PBXFileReference; lastKnownFileType = wrapper.xcdatamodel; path = CoreDataModel.xcdatamodel; sourceTree = "<group>"; };
		83471C6054F155624D6F22D2 /* Pods_WeGroup.framework */ = {isa = PBXFileReference; explicitFileType = wrapper.framework; includeInIndex = 0; path = Pods_WeGroup.framework; sourceTree = BUILT_PRODUCTS_DIR; };
		BBDDFD981C6E708D0083044A /* SettingsView.swift */ = {isa = PBXFileReference; fileEncoding = 4; lastKnownFileType = sourcecode.swift; path = SettingsView.swift; sourceTree = "<group>"; };
/* End PBXFileReference section */

/* Begin PBXFrameworksBuildPhase section */
		5B50A0CA1C51758400D5FE31 /* Frameworks */ = {
			isa = PBXFrameworksBuildPhase;
			buildActionMask = 2147483647;
			files = (
				9A11867DB26B846F143DAD19 /* Pods_WeGroup.framework in Frameworks */,
			);
			runOnlyForDeploymentPostprocessing = 0;
		};
/* End PBXFrameworksBuildPhase section */

/* Begin PBXGroup section */
		5B399E5E1C80E6DF00370724 /* Cells */ = {
			isa = PBXGroup;
			children = (
				5B2CC76F1C63AB2B00CAFB2F /* ConversationCell.swift */,
				5B399E5F1C80E6F700370724 /* ContactCell.swift */,
				5BBB5C031C8959A30084D4D8 /* MessageCell.swift */,
			);
			name = Cells;
			sourceTree = "<group>";
		};
		5B50A0C41C51758300D5FE31 = {
			isa = PBXGroup;
			children = (
				5B50A0CF1C51758400D5FE31 /* WeGroup */,
				5B50A0CE1C51758400D5FE31 /* Products */,
				86E1F2BABFDA537775551211 /* Pods */,
				DA29F897E27244396E1D98E7 /* Frameworks */,
			);
			sourceTree = "<group>";
		};
		5B50A0CE1C51758400D5FE31 /* Products */ = {
			isa = PBXGroup;
			children = (
				5B50A0CD1C51758400D5FE31 /* WeGroup.app */,
			);
			name = Products;
			sourceTree = "<group>";
		};
		5B50A0CF1C51758400D5FE31 /* WeGroup */ = {
			isa = PBXGroup;
			children = (
				5B399E5E1C80E6DF00370724 /* Cells */,
				5BC629A21C6D863C00CB5B8A /* Models */,
				5B50A1061C534EB500D5FE31 /* ViewControllers */,
				5B50A1071C534EC100D5FE31 /* Images */,
				5B50A0D01C51758400D5FE31 /* AppDelegate.swift */,
				5B50A0D41C51758400D5FE31 /* Main.storyboard */,
				5BBB5C441C8B6A840084D4D8 /* CoreDataModel.xcdatamodeld */,
				5B50A0DC1C51758400D5FE31 /* Info.plist */,
			);
			path = WeGroup;
			sourceTree = "<group>";
		};
		5B50A1061C534EB500D5FE31 /* ViewControllers */ = {
			isa = PBXGroup;
			children = (
				5B50A0D21C51758400D5FE31 /* LoginView.swift */,
				5B50A1021C5342DA00D5FE31 /* SignupView.swift */,
				5B2CC7711C63AD7E00CAFB2F /* ConversationsView.swift */,
				5B1155781C8695AF0094EF0E /* ContactPickerView.swift */,
				5B1155741C8657370094EF0E /* MessageView.swift */,
				5B399E5C1C80E67100370724 /* ContactsView.swift */,
				5B54A40A1C98E94C007B28C2 /* ProfileView.swift */,
				BBDDFD981C6E708D0083044A /* SettingsView.swift */,
			);
			name = ViewControllers;
			sourceTree = "<group>";
		};
		5B50A1071C534EC100D5FE31 /* Images */ = {
			isa = PBXGroup;
			children = (
				5B50A1041C534BC000D5FE31 /* WeGroup icon.png */,
				5B50A0D91C51758400D5FE31 /* LaunchScreen.storyboard */,
				5B50A0D71C51758400D5FE31 /* Assets.xcassets */,
			);
			name = Images;
			sourceTree = "<group>";
		};
		5BC629A21C6D863C00CB5B8A /* Models */ = {
			isa = PBXGroup;
			children = (
				5B7C943C1C96351F00E8207A /* Contact.swift */,
				5B7C94421C96354800E8207A /* Conversation.swift */,
				5B7C94411C96354800E8207A /* Message.swift */,
				5B1155761C86594D0094EF0E /* Data.swift */,
			);
			name = Models;
			sourceTree = "<group>";
		};
		86E1F2BABFDA537775551211 /* Pods */ = {
			isa = PBXGroup;
			children = (
				190A1AF00C7AAFF27D58168C /* Pods-WeGroup.debug.xcconfig */,
				301B905B2F882A3FBEC49E52 /* Pods-WeGroup.release.xcconfig */,
			);
			name = Pods;
			sourceTree = "<group>";
		};
		DA29F897E27244396E1D98E7 /* Frameworks */ = {
			isa = PBXGroup;
			children = (
				83471C6054F155624D6F22D2 /* Pods_WeGroup.framework */,
			);
			name = Frameworks;
			sourceTree = "<group>";
		};
/* End PBXGroup section */

/* Begin PBXNativeTarget section */
		5B50A0CC1C51758400D5FE31 /* WeGroup */ = {
			isa = PBXNativeTarget;
			buildConfigurationList = 5B50A0DF1C51758400D5FE31 /* Build configuration list for PBXNativeTarget "WeGroup" */;
			buildPhases = (
				0201C3CE30CF1303F8170D00 /* Check Pods Manifest.lock */,
				5B50A0C91C51758400D5FE31 /* Sources */,
				5B50A0CA1C51758400D5FE31 /* Frameworks */,
				5B50A0CB1C51758400D5FE31 /* Resources */,
				3DB1D68B5A95A5EEE91827A2 /* Embed Pods Frameworks */,
				918A5AD14A6508D8694CCED8 /* Copy Pods Resources */,
			);
			buildRules = (
			);
			dependencies = (
			);
			name = WeGroup;
			productName = WeGroup;
			productReference = 5B50A0CD1C51758400D5FE31 /* WeGroup.app */;
			productType = "com.apple.product-type.application";
		};
/* End PBXNativeTarget section */

/* Begin PBXProject section */
		5B50A0C51C51758300D5FE31 /* Project object */ = {
			isa = PBXProject;
			attributes = {
				LastSwiftUpdateCheck = 0720;
				LastUpgradeCheck = 0720;
				ORGANIZATIONNAME = "WeGroup Inc.";
				TargetAttributes = {
					5B50A0CC1C51758400D5FE31 = {
						CreatedOnToolsVersion = 7.2;
						DevelopmentTeam = 4MR49B8559;
					};
				};
			};
			buildConfigurationList = 5B50A0C81C51758300D5FE31 /* Build configuration list for PBXProject "WeGroup" */;
			compatibilityVersion = "Xcode 3.2";
			developmentRegion = English;
			hasScannedForEncodings = 0;
			knownRegions = (
				en,
				Base,
			);
			mainGroup = 5B50A0C41C51758300D5FE31;
			productRefGroup = 5B50A0CE1C51758400D5FE31 /* Products */;
			projectDirPath = "";
			projectRoot = "";
			targets = (
				5B50A0CC1C51758400D5FE31 /* WeGroup */,
			);
		};
/* End PBXProject section */

/* Begin PBXResourcesBuildPhase section */
		5B50A0CB1C51758400D5FE31 /* Resources */ = {
			isa = PBXResourcesBuildPhase;
			buildActionMask = 2147483647;
			files = (
				5B50A0DB1C51758400D5FE31 /* LaunchScreen.storyboard in Resources */,
				5B50A1051C534BC000D5FE31 /* WeGroup icon.png in Resources */,
				5B50A0D81C51758400D5FE31 /* Assets.xcassets in Resources */,
				5B50A0D61C51758400D5FE31 /* Main.storyboard in Resources */,
			);
			runOnlyForDeploymentPostprocessing = 0;
		};
/* End PBXResourcesBuildPhase section */

/* Begin PBXShellScriptBuildPhase section */
		0201C3CE30CF1303F8170D00 /* Check Pods Manifest.lock */ = {
			isa = PBXShellScriptBuildPhase;
			buildActionMask = 2147483647;
			files = (
			);
			inputPaths = (
			);
			name = "Check Pods Manifest.lock";
			outputPaths = (
			);
			runOnlyForDeploymentPostprocessing = 0;
			shellPath = /bin/sh;
			shellScript = "diff \"${PODS_ROOT}/../Podfile.lock\" \"${PODS_ROOT}/Manifest.lock\" > /dev/null\nif [[ $? != 0 ]] ; then\n    cat << EOM\nerror: The sandbox is not in sync with the Podfile.lock. Run 'pod install' or update your CocoaPods installation.\nEOM\n    exit 1\nfi\n";
			showEnvVarsInLog = 0;
		};
		3DB1D68B5A95A5EEE91827A2 /* Embed Pods Frameworks */ = {
			isa = PBXShellScriptBuildPhase;
			buildActionMask = 2147483647;
			files = (
			);
			inputPaths = (
			);
			name = "Embed Pods Frameworks";
			outputPaths = (
			);
			runOnlyForDeploymentPostprocessing = 0;
			shellPath = /bin/sh;
			shellScript = "\"${SRCROOT}/Pods/Target Support Files/Pods-WeGroup/Pods-WeGroup-frameworks.sh\"\n";
			showEnvVarsInLog = 0;
		};
		918A5AD14A6508D8694CCED8 /* Copy Pods Resources */ = {
			isa = PBXShellScriptBuildPhase;
			buildActionMask = 2147483647;
			files = (
			);
			inputPaths = (
			);
			name = "Copy Pods Resources";
			outputPaths = (
			);
			runOnlyForDeploymentPostprocessing = 0;
			shellPath = /bin/sh;
			shellScript = "\"${SRCROOT}/Pods/Target Support Files/Pods-WeGroup/Pods-WeGroup-resources.sh\"\n";
			showEnvVarsInLog = 0;
		};
/* End PBXShellScriptBuildPhase section */

/* Begin PBXSourcesBuildPhase section */
		5B50A0C91C51758400D5FE31 /* Sources */ = {
			isa = PBXSourcesBuildPhase;
			buildActionMask = 2147483647;
			files = (
				5BBB5C041C8959A30084D4D8 /* MessageCell.swift in Sources */,
				5B50A1031C5342DA00D5FE31 /* SignupView.swift in Sources */,
				5B7C94401C96351F00E8207A /* Contact.swift in Sources */,
				5B7C94431C96354800E8207A /* Message.swift in Sources */,
				5B2CC7701C63AB2B00CAFB2F /* ConversationCell.swift in Sources */,
				5B399E5D1C80E67100370724 /* ContactsView.swift in Sources */,
				BBDDFD991C6E708D0083044A /* SettingsView.swift in Sources */,
				5B7C94441C96354800E8207A /* Conversation.swift in Sources */,
				5B2CC7721C63AD7E00CAFB2F /* ConversationsView.swift in Sources */,
				5B54A40B1C98E94C007B28C2 /* ProfileView.swift in Sources */,
				5B1155791C8695AF0094EF0E /* ContactPickerView.swift in Sources */,
				5B399E601C80E6F700370724 /* ContactCell.swift in Sources */,
				5B50A0D31C51758400D5FE31 /* LoginView.swift in Sources */,
				5B50A0D11C51758400D5FE31 /* AppDelegate.swift in Sources */,
				5B1155751C8657370094EF0E /* MessageView.swift in Sources */,
				5B1155771C86594D0094EF0E /* Data.swift in Sources */,
				5BBB5C461C8B6A840084D4D8 /* CoreDataModel.xcdatamodeld in Sources */,
			);
			runOnlyForDeploymentPostprocessing = 0;
		};
/* End PBXSourcesBuildPhase section */

/* Begin PBXVariantGroup section */
		5B50A0D41C51758400D5FE31 /* Main.storyboard */ = {
			isa = PBXVariantGroup;
			children = (
				5B50A0D51C51758400D5FE31 /* Base */,
			);
			name = Main.storyboard;
			sourceTree = "<group>";
		};
		5B50A0D91C51758400D5FE31 /* LaunchScreen.storyboard */ = {
			isa = PBXVariantGroup;
			children = (
				5B50A0DA1C51758400D5FE31 /* Base */,
			);
			name = LaunchScreen.storyboard;
			sourceTree = "<group>";
		};
/* End PBXVariantGroup section */

/* Begin XCBuildConfiguration section */
		5B50A0DD1C51758400D5FE31 /* Debug */ = {
			isa = XCBuildConfiguration;
			buildSettings = {
				ALWAYS_SEARCH_USER_PATHS = NO;
				CLANG_CXX_LANGUAGE_STANDARD = "gnu++0x";
				CLANG_CXX_LIBRARY = "libc++";
				CLANG_ENABLE_MODULES = YES;
				CLANG_ENABLE_OBJC_ARC = YES;
				CLANG_WARN_BOOL_CONVERSION = YES;
				CLANG_WARN_CONSTANT_CONVERSION = YES;
				CLANG_WARN_DIRECT_OBJC_ISA_USAGE = YES_ERROR;
				CLANG_WARN_EMPTY_BODY = YES;
				CLANG_WARN_ENUM_CONVERSION = YES;
				CLANG_WARN_INT_CONVERSION = YES;
				CLANG_WARN_OBJC_ROOT_CLASS = YES_ERROR;
				CLANG_WARN_UNREACHABLE_CODE = YES;
				CLANG_WARN__DUPLICATE_METHOD_MATCH = YES;
				"CODE_SIGN_IDENTITY[sdk=iphoneos*]" = "iPhone Developer";
				COPY_PHASE_STRIP = NO;
				DEBUG_INFORMATION_FORMAT = dwarf;
				ENABLE_STRICT_OBJC_MSGSEND = YES;
				ENABLE_TESTABILITY = YES;
				GCC_C_LANGUAGE_STANDARD = gnu99;
				GCC_DYNAMIC_NO_PIC = NO;
				GCC_NO_COMMON_BLOCKS = YES;
				GCC_OPTIMIZATION_LEVEL = 0;
				GCC_PREPROCESSOR_DEFINITIONS = (
					"DEBUG=1",
					"$(inherited)",
				);
				GCC_WARN_64_TO_32_BIT_CONVERSION = YES;
				GCC_WARN_ABOUT_RETURN_TYPE = YES_ERROR;
				GCC_WARN_UNDECLARED_SELECTOR = YES;
				GCC_WARN_UNINITIALIZED_AUTOS = YES_AGGRESSIVE;
				GCC_WARN_UNUSED_FUNCTION = YES;
				GCC_WARN_UNUSED_VARIABLE = YES;
				IPHONEOS_DEPLOYMENT_TARGET = 9.2;
				MTL_ENABLE_DEBUG_INFO = YES;
				ONLY_ACTIVE_ARCH = YES;
				SDKROOT = iphoneos;
				SWIFT_OPTIMIZATION_LEVEL = "-Onone";
				TARGETED_DEVICE_FAMILY = "1,2";
			};
			name = Debug;
		};
		5B50A0DE1C51758400D5FE31 /* Release */ = {
			isa = XCBuildConfiguration;
			buildSettings = {
				ALWAYS_SEARCH_USER_PATHS = NO;
				CLANG_CXX_LANGUAGE_STANDARD = "gnu++0x";
				CLANG_CXX_LIBRARY = "libc++";
				CLANG_ENABLE_MODULES = YES;
				CLANG_ENABLE_OBJC_ARC = YES;
				CLANG_WARN_BOOL_CONVERSION = YES;
				CLANG_WARN_CONSTANT_CONVERSION = YES;
				CLANG_WARN_DIRECT_OBJC_ISA_USAGE = YES_ERROR;
				CLANG_WARN_EMPTY_BODY = YES;
				CLANG_WARN_ENUM_CONVERSION = YES;
				CLANG_WARN_INT_CONVERSION = YES;
				CLANG_WARN_OBJC_ROOT_CLASS = YES_ERROR;
				CLANG_WARN_UNREACHABLE_CODE = YES;
				CLANG_WARN__DUPLICATE_METHOD_MATCH = YES;
				"CODE_SIGN_IDENTITY[sdk=iphoneos*]" = "iPhone Developer";
				COPY_PHASE_STRIP = NO;
				DEBUG_INFORMATION_FORMAT = "dwarf-with-dsym";
				ENABLE_NS_ASSERTIONS = NO;
				ENABLE_STRICT_OBJC_MSGSEND = YES;
				GCC_C_LANGUAGE_STANDARD = gnu99;
				GCC_NO_COMMON_BLOCKS = YES;
				GCC_WARN_64_TO_32_BIT_CONVERSION = YES;
				GCC_WARN_ABOUT_RETURN_TYPE = YES_ERROR;
				GCC_WARN_UNDECLARED_SELECTOR = YES;
				GCC_WARN_UNINITIALIZED_AUTOS = YES_AGGRESSIVE;
				GCC_WARN_UNUSED_FUNCTION = YES;
				GCC_WARN_UNUSED_VARIABLE = YES;
				IPHONEOS_DEPLOYMENT_TARGET = 9.2;
				MTL_ENABLE_DEBUG_INFO = NO;
				SDKROOT = iphoneos;
				TARGETED_DEVICE_FAMILY = "1,2";
				VALIDATE_PRODUCT = YES;
			};
			name = Release;
		};
		5B50A0E01C51758400D5FE31 /* Debug */ = {
			isa = XCBuildConfiguration;
			baseConfigurationReference = 190A1AF00C7AAFF27D58168C /* Pods-WeGroup.debug.xcconfig */;
			buildSettings = {
				ASSETCATALOG_COMPILER_APPICON_NAME = AppIcon;
				CODE_SIGN_IDENTITY = "iPhone Developer";
				"CODE_SIGN_IDENTITY[sdk=iphoneos*]" = "iPhone Developer";
				INFOPLIST_FILE = WeGroup/Info.plist;
				IPHONEOS_DEPLOYMENT_TARGET = 9.1;
				LD_RUNPATH_SEARCH_PATHS = "$(inherited) @executable_path/Frameworks";
				PRODUCT_BUNDLE_IDENTIFIER = "Purdue-University.WeGroup";
				PRODUCT_NAME = "$(TARGET_NAME)";
				PROVISIONING_PROFILE = "";
				TARGETED_DEVICE_FAMILY = 1;
			};
			name = Debug;
		};
		5B50A0E11C51758400D5FE31 /* Release */ = {
			isa = XCBuildConfiguration;
			baseConfigurationReference = 301B905B2F882A3FBEC49E52 /* Pods-WeGroup.release.xcconfig */;
			buildSettings = {
				ASSETCATALOG_COMPILER_APPICON_NAME = AppIcon;
				CODE_SIGN_IDENTITY = "iPhone Developer";
				"CODE_SIGN_IDENTITY[sdk=iphoneos*]" = "iPhone Developer";
				INFOPLIST_FILE = WeGroup/Info.plist;
				IPHONEOS_DEPLOYMENT_TARGET = 9.1;
				LD_RUNPATH_SEARCH_PATHS = "$(inherited) @executable_path/Frameworks";
				PRODUCT_BUNDLE_IDENTIFIER = "Purdue-University.WeGroup";
				PRODUCT_NAME = "$(TARGET_NAME)";
				PROVISIONING_PROFILE = "";
				TARGETED_DEVICE_FAMILY = 1;
			};
			name = Release;
		};
/* End XCBuildConfiguration section */

/* Begin XCConfigurationList section */
		5B50A0C81C51758300D5FE31 /* Build configuration list for PBXProject "WeGroup" */ = {
			isa = XCConfigurationList;
			buildConfigurations = (
				5B50A0DD1C51758400D5FE31 /* Debug */,
				5B50A0DE1C51758400D5FE31 /* Release */,
			);
			defaultConfigurationIsVisible = 0;
			defaultConfigurationName = Release;
		};
		5B50A0DF1C51758400D5FE31 /* Build configuration list for PBXNativeTarget "WeGroup" */ = {
			isa = XCConfigurationList;
			buildConfigurations = (
				5B50A0E01C51758400D5FE31 /* Debug */,
				5B50A0E11C51758400D5FE31 /* Release */,
			);
			defaultConfigurationIsVisible = 0;
			defaultConfigurationName = Release;
		};
/* End XCConfigurationList section */

/* Begin XCVersionGroup section */
		5BBB5C441C8B6A840084D4D8 /* CoreDataModel.xcdatamodeld */ = {
			isa = XCVersionGroup;
			children = (
				5BBB5C451C8B6A840084D4D8 /* CoreDataModel.xcdatamodel */,
			);
			currentVersion = 5BBB5C451C8B6A840084D4D8 /* CoreDataModel.xcdatamodel */;
			path = CoreDataModel.xcdatamodeld;
			sourceTree = "<group>";
			versionGroupType = wrapper.xcdatamodel;
		};
/* End XCVersionGroup section */
	};
	rootObject = 5B50A0C51C51758300D5FE31 /* Project object */;
}
